// !$*UTF8*$!
{
	archiveVersion = 1;
	classes = {
	};
	objectVersion = 50;
	objects = {

/* Begin PBXBuildFile section */
		6D423DA9286331610095216C /* AppDelegate.swift in Sources */ = {isa = PBXBuildFile; fileRef = 6D423DA8286331610095216C /* AppDelegate.swift */; };
		6D423DAB286331610095216C /* SceneDelegate.swift in Sources */ = {isa = PBXBuildFile; fileRef = 6D423DAA286331610095216C /* SceneDelegate.swift */; };
		6D423DAD286331610095216C /* MainViewController.swift in Sources */ = {isa = PBXBuildFile; fileRef = 6D423DAC286331610095216C /* MainViewController.swift */; };
		6D423DB0286331610095216C /* Main.storyboard in Resources */ = {isa = PBXBuildFile; fileRef = 6D423DAE286331610095216C /* Main.storyboard */; };
		6D423DB22863316B0095216C /* Assets.xcassets in Resources */ = {isa = PBXBuildFile; fileRef = 6D423DB12863316B0095216C /* Assets.xcassets */; };
		6D423DB52863316B0095216C /* LaunchScreen.storyboard in Resources */ = {isa = PBXBuildFile; fileRef = 6D423DB32863316B0095216C /* LaunchScreen.storyboard */; };
		6D423DC02863316C0095216C /* Le_BaluchonTests.swift in Sources */ = {isa = PBXBuildFile; fileRef = 6D423DBF2863316C0095216C /* Le_BaluchonTests.swift */; };
		6DC69EBB28688571002CBA47 /* ApiKeys.plist in Resources */ = {isa = PBXBuildFile; fileRef = 6DC69EBA28688571002CBA47 /* ApiKeys.plist */; };
		6DD0D3A228648AEC00549EC2 /* TranslationViewController.swift in Sources */ = {isa = PBXBuildFile; fileRef = 6DD0D3A128648AEC00549EC2 /* TranslationViewController.swift */; };
		6DD0D3A828649E1500549EC2 /* TranslationService.swift in Sources */ = {isa = PBXBuildFile; fileRef = 6DD0D3A728649E1500549EC2 /* TranslationService.swift */; };
		6DD0D3B52864A77A00549EC2 /* TranslationResponse.swift in Sources */ = {isa = PBXBuildFile; fileRef = 6DD0D3B42864A77A00549EC2 /* TranslationResponse.swift */; };
		6DD0D3B92864A83C00549EC2 /* NetworkError.swift in Sources */ = {isa = PBXBuildFile; fileRef = 6DD0D3B82864A83C00549EC2 /* NetworkError.swift */; };
		6DE7A224286722E500B9C2E4 /* ApiService.swift in Sources */ = {isa = PBXBuildFile; fileRef = 6DE7A223286722E500B9C2E4 /* ApiService.swift */; };
		6DE7A22A286735B400B9C2E4 /* URLSession+Extension.swift in Sources */ = {isa = PBXBuildFile; fileRef = 6DE7A229286735B400B9C2E4 /* URLSession+Extension.swift */; };
/* End PBXBuildFile section */

/* Begin PBXContainerItemProxy section */
		6D423DBC2863316C0095216C /* PBXContainerItemProxy */ = {
			isa = PBXContainerItemProxy;
			containerPortal = 6D423D9D286331600095216C /* Project object */;
			proxyType = 1;
			remoteGlobalIDString = 6D423DA4286331610095216C;
			remoteInfo = "Le Baluchon";
		};
/* End PBXContainerItemProxy section */

/* Begin PBXFileReference section */
		6D423DA5286331610095216C /* Le Baluchon.app */ = {isa = PBXFileReference; explicitFileType = wrapper.application; includeInIndex = 0; path = "Le Baluchon.app"; sourceTree = BUILT_PRODUCTS_DIR; };
		6D423DA8286331610095216C /* AppDelegate.swift */ = {isa = PBXFileReference; lastKnownFileType = sourcecode.swift; path = AppDelegate.swift; sourceTree = "<group>"; };
		6D423DAA286331610095216C /* SceneDelegate.swift */ = {isa = PBXFileReference; lastKnownFileType = sourcecode.swift; path = SceneDelegate.swift; sourceTree = "<group>"; };
		6D423DAC286331610095216C /* MainViewController.swift */ = {isa = PBXFileReference; lastKnownFileType = sourcecode.swift; path = MainViewController.swift; sourceTree = "<group>"; };
		6D423DAF286331610095216C /* Base */ = {isa = PBXFileReference; lastKnownFileType = file.storyboard; name = Base; path = Base.lproj/Main.storyboard; sourceTree = "<group>"; };
		6D423DB12863316B0095216C /* Assets.xcassets */ = {isa = PBXFileReference; lastKnownFileType = folder.assetcatalog; path = Assets.xcassets; sourceTree = "<group>"; };
		6D423DB42863316B0095216C /* Base */ = {isa = PBXFileReference; lastKnownFileType = file.storyboard; name = Base; path = Base.lproj/LaunchScreen.storyboard; sourceTree = "<group>"; };
		6D423DB62863316B0095216C /* Info.plist */ = {isa = PBXFileReference; lastKnownFileType = text.plist.xml; path = Info.plist; sourceTree = "<group>"; };
		6D423DBB2863316C0095216C /* Le BaluchonTests.xctest */ = {isa = PBXFileReference; explicitFileType = wrapper.cfbundle; includeInIndex = 0; path = "Le BaluchonTests.xctest"; sourceTree = BUILT_PRODUCTS_DIR; };
		6D423DBF2863316C0095216C /* Le_BaluchonTests.swift */ = {isa = PBXFileReference; lastKnownFileType = sourcecode.swift; path = Le_BaluchonTests.swift; sourceTree = "<group>"; };
		6D423DC12863316C0095216C /* Info.plist */ = {isa = PBXFileReference; lastKnownFileType = text.plist.xml; path = Info.plist; sourceTree = "<group>"; };
		6DC69EBA28688571002CBA47 /* ApiKeys.plist */ = {isa = PBXFileReference; lastKnownFileType = text.plist.xml; path = ApiKeys.plist; sourceTree = "<group>"; };
		6DD0D3A128648AEC00549EC2 /* TranslationViewController.swift */ = {isa = PBXFileReference; lastKnownFileType = sourcecode.swift; path = TranslationViewController.swift; sourceTree = "<group>"; };
		6DD0D3A728649E1500549EC2 /* TranslationService.swift */ = {isa = PBXFileReference; lastKnownFileType = sourcecode.swift; path = TranslationService.swift; sourceTree = "<group>"; };
		6DD0D3B42864A77A00549EC2 /* TranslationResponse.swift */ = {isa = PBXFileReference; lastKnownFileType = sourcecode.swift; path = TranslationResponse.swift; sourceTree = "<group>"; };
		6DD0D3B82864A83C00549EC2 /* NetworkError.swift */ = {isa = PBXFileReference; lastKnownFileType = sourcecode.swift; path = NetworkError.swift; sourceTree = "<group>"; };
		6DE7A223286722E500B9C2E4 /* ApiService.swift */ = {isa = PBXFileReference; lastKnownFileType = sourcecode.swift; path = ApiService.swift; sourceTree = "<group>"; };
		6DE7A229286735B400B9C2E4 /* URLSession+Extension.swift */ = {isa = PBXFileReference; lastKnownFileType = sourcecode.swift; path = "URLSession+Extension.swift"; sourceTree = "<group>"; };
/* End PBXFileReference section */

/* Begin PBXFrameworksBuildPhase section */
		6D423DA2286331610095216C /* Frameworks */ = {
			isa = PBXFrameworksBuildPhase;
			buildActionMask = 2147483647;
			files = (
			);
			runOnlyForDeploymentPostprocessing = 0;
		};
		6D423DB82863316C0095216C /* Frameworks */ = {
			isa = PBXFrameworksBuildPhase;
			buildActionMask = 2147483647;
			files = (
			);
			runOnlyForDeploymentPostprocessing = 0;
		};
/* End PBXFrameworksBuildPhase section */

/* Begin PBXGroup section */
		6D423D9C286331600095216C = {
			isa = PBXGroup;
			children = (
				6D423DA7286331610095216C /* Le Baluchon */,
				6D423DBE2863316C0095216C /* Le BaluchonTests */,
				6D423DA6286331610095216C /* Products */,
			);
			sourceTree = "<group>";
		};
		6D423DA6286331610095216C /* Products */ = {
			isa = PBXGroup;
			children = (
				6D423DA5286331610095216C /* Le Baluchon.app */,
				6D423DBB2863316C0095216C /* Le BaluchonTests.xctest */,
			);
			name = Products;
			sourceTree = "<group>";
		};
		6D423DA7286331610095216C /* Le Baluchon */ = {
			isa = PBXGroup;
			children = (
				6D5EDE732864878F00E635B2 /* Model */,
				6D5EDE74286487AD00E635B2 /* View */,
				6D5EDE75286487B800E635B2 /* Controller */,
				6D5EDE782864880600E635B2 /* Supporting Files */,
				6D423DA8286331610095216C /* AppDelegate.swift */,
				6D423DAA286331610095216C /* SceneDelegate.swift */,
			);
			path = "Le Baluchon";
			sourceTree = "<group>";
		};
		6D423DBE2863316C0095216C /* Le BaluchonTests */ = {
			isa = PBXGroup;
			children = (
				6D423DBF2863316C0095216C /* Le_BaluchonTests.swift */,
				6D423DC12863316C0095216C /* Info.plist */,
			);
			path = "Le BaluchonTests";
			sourceTree = "<group>";
		};
		6D5EDE732864878F00E635B2 /* Model */ = {
			isa = PBXGroup;
			children = (
				6DD0D3B82864A83C00549EC2 /* NetworkError.swift */,
				6DD0D3AB28649E1D00549EC2 /* Translation */,
				6DE7A223286722E500B9C2E4 /* ApiService.swift */,
				6DE7A229286735B400B9C2E4 /* URLSession+Extension.swift */,
			);
			path = Model;
			sourceTree = "<group>";
		};
		6D5EDE74286487AD00E635B2 /* View */ = {
			isa = PBXGroup;
			children = (
				6D423DAE286331610095216C /* Main.storyboard */,
				6D423DB12863316B0095216C /* Assets.xcassets */,
				6D423DB32863316B0095216C /* LaunchScreen.storyboard */,
			);
			path = View;
			sourceTree = "<group>";
		};
		6D5EDE75286487B800E635B2 /* Controller */ = {
			isa = PBXGroup;
			children = (
				6D423DAC286331610095216C /* MainViewController.swift */,
				6DD0D3A128648AEC00549EC2 /* TranslationViewController.swift */,
			);
			path = Controller;
			sourceTree = "<group>";
		};
		6D5EDE782864880600E635B2 /* Supporting Files */ = {
			isa = PBXGroup;
			children = (
				6D423DB62863316B0095216C /* Info.plist */,
				6DC69EBA28688571002CBA47 /* ApiKeys.plist */,
			);
			path = "Supporting Files";
			sourceTree = "<group>";
		};
		6DD0D3AB28649E1D00549EC2 /* Translation */ = {
			isa = PBXGroup;
			children = (
				6DD0D3A728649E1500549EC2 /* TranslationService.swift */,
				6DD0D3B42864A77A00549EC2 /* TranslationResponse.swift */,
			);
			path = Translation;
			sourceTree = "<group>";
		};
/* End PBXGroup section */

/* Begin PBXNativeTarget section */
		6D423DA4286331610095216C /* Le Baluchon */ = {
			isa = PBXNativeTarget;
			buildConfigurationList = 6D423DCF2863316C0095216C /* Build configuration list for PBXNativeTarget "Le Baluchon" */;
			buildPhases = (
				6D423DA1286331610095216C /* Sources */,
				6D423DA2286331610095216C /* Frameworks */,
				6D423DA3286331610095216C /* Resources */,
			);
			buildRules = (
			);
			dependencies = (
			);
			name = "Le Baluchon";
			productName = "Le Baluchon";
			productReference = 6D423DA5286331610095216C /* Le Baluchon.app */;
			productType = "com.apple.product-type.application";
		};
		6D423DBA2863316C0095216C /* Le BaluchonTests */ = {
			isa = PBXNativeTarget;
			buildConfigurationList = 6D423DD22863316C0095216C /* Build configuration list for PBXNativeTarget "Le BaluchonTests" */;
			buildPhases = (
				6D423DB72863316C0095216C /* Sources */,
				6D423DB82863316C0095216C /* Frameworks */,
				6D423DB92863316C0095216C /* Resources */,
			);
			buildRules = (
			);
			dependencies = (
				6D423DBD2863316C0095216C /* PBXTargetDependency */,
			);
			name = "Le BaluchonTests";
			productName = "Le BaluchonTests";
			productReference = 6D423DBB2863316C0095216C /* Le BaluchonTests.xctest */;
			productType = "com.apple.product-type.bundle.unit-test";
		};
/* End PBXNativeTarget section */

/* Begin PBXProject section */
		6D423D9D286331600095216C /* Project object */ = {
			isa = PBXProject;
			attributes = {
				LastSwiftUpdateCheck = 1240;
				LastUpgradeCheck = 1240;
				TargetAttributes = {
					6D423DA4286331610095216C = {
						CreatedOnToolsVersion = 12.4;
					};
					6D423DBA2863316C0095216C = {
						CreatedOnToolsVersion = 12.4;
						TestTargetID = 6D423DA4286331610095216C;
					};
				};
			};
			buildConfigurationList = 6D423DA0286331600095216C /* Build configuration list for PBXProject "Le Baluchon" */;
			compatibilityVersion = "Xcode 9.3";
			developmentRegion = en;
			hasScannedForEncodings = 0;
			knownRegions = (
				en,
				Base,
			);
			mainGroup = 6D423D9C286331600095216C;
			productRefGroup = 6D423DA6286331610095216C /* Products */;
			projectDirPath = "";
			projectRoot = "";
			targets = (
				6D423DA4286331610095216C /* Le Baluchon */,
				6D423DBA2863316C0095216C /* Le BaluchonTests */,
			);
		};
/* End PBXProject section */

/* Begin PBXResourcesBuildPhase section */
		6D423DA3286331610095216C /* Resources */ = {
			isa = PBXResourcesBuildPhase;
			buildActionMask = 2147483647;
			files = (
				6D423DB52863316B0095216C /* LaunchScreen.storyboard in Resources */,
				6DC69EBB28688571002CBA47 /* ApiKeys.plist in Resources */,
				6D423DB22863316B0095216C /* Assets.xcassets in Resources */,
				6D423DB0286331610095216C /* Main.storyboard in Resources */,
			);
			runOnlyForDeploymentPostprocessing = 0;
		};
		6D423DB92863316C0095216C /* Resources */ = {
			isa = PBXResourcesBuildPhase;
			buildActionMask = 2147483647;
			files = (
			);
			runOnlyForDeploymentPostprocessing = 0;
		};
/* End PBXResourcesBuildPhase section */

/* Begin PBXSourcesBuildPhase section */
		6D423DA1286331610095216C /* Sources */ = {
			isa = PBXSourcesBuildPhase;
			buildActionMask = 2147483647;
			files = (
				6DD0D3B52864A77A00549EC2 /* TranslationResponse.swift in Sources */,
				6DD0D3B92864A83C00549EC2 /* NetworkError.swift in Sources */,
				6D423DAD286331610095216C /* MainViewController.swift in Sources */,
				6DD0D3A828649E1500549EC2 /* TranslationService.swift in Sources */,
				6DD0D3A228648AEC00549EC2 /* TranslationViewController.swift in Sources */,
				6DE7A22A286735B400B9C2E4 /* URLSession+Extension.swift in Sources */,
				6DE7A224286722E500B9C2E4 /* ApiService.swift in Sources */,
				6D423DA9286331610095216C /* AppDelegate.swift in Sources */,
				6D423DAB286331610095216C /* SceneDelegate.swift in Sources */,
			);
			runOnlyForDeploymentPostprocessing = 0;
		};
		6D423DB72863316C0095216C /* Sources */ = {
			isa = PBXSourcesBuildPhase;
			buildActionMask = 2147483647;
			files = (
				6D423DC02863316C0095216C /* Le_BaluchonTests.swift in Sources */,
			);
			runOnlyForDeploymentPostprocessing = 0;
		};
/* End PBXSourcesBuildPhase section */

/* Begin PBXTargetDependency section */
		6D423DBD2863316C0095216C /* PBXTargetDependency */ = {
			isa = PBXTargetDependency;
			target = 6D423DA4286331610095216C /* Le Baluchon */;
			targetProxy = 6D423DBC2863316C0095216C /* PBXContainerItemProxy */;
		};
/* End PBXTargetDependency section */

/* Begin PBXVariantGroup section */
		6D423DAE286331610095216C /* Main.storyboard */ = {
			isa = PBXVariantGroup;
			children = (
				6D423DAF286331610095216C /* Base */,
			);
			name = Main.storyboard;
			sourceTree = "<group>";
		};
		6D423DB32863316B0095216C /* LaunchScreen.storyboard */ = {
			isa = PBXVariantGroup;
			children = (
				6D423DB42863316B0095216C /* Base */,
			);
			name = LaunchScreen.storyboard;
			sourceTree = "<group>";
		};
/* End PBXVariantGroup section */

/* Begin XCBuildConfiguration section */
		6D423DCD2863316C0095216C /* Debug */ = {
			isa = XCBuildConfiguration;
			buildSettings = {
				ALWAYS_SEARCH_USER_PATHS = NO;
				CLANG_ANALYZER_NONNULL = YES;
				CLANG_ANALYZER_NUMBER_OBJECT_CONVERSION = YES_AGGRESSIVE;
				CLANG_CXX_LANGUAGE_STANDARD = "gnu++14";
				CLANG_CXX_LIBRARY = "libc++";
				CLANG_ENABLE_MODULES = YES;
				CLANG_ENABLE_OBJC_ARC = YES;
				CLANG_ENABLE_OBJC_WEAK = YES;
				CLANG_WARN_BLOCK_CAPTURE_AUTORELEASING = YES;
				CLANG_WARN_BOOL_CONVERSION = YES;
				CLANG_WARN_COMMA = YES;
				CLANG_WARN_CONSTANT_CONVERSION = YES;
				CLANG_WARN_DEPRECATED_OBJC_IMPLEMENTATIONS = YES;
				CLANG_WARN_DIRECT_OBJC_ISA_USAGE = YES_ERROR;
				CLANG_WARN_DOCUMENTATION_COMMENTS = YES;
				CLANG_WARN_EMPTY_BODY = YES;
				CLANG_WARN_ENUM_CONVERSION = YES;
				CLANG_WARN_INFINITE_RECURSION = YES;
				CLANG_WARN_INT_CONVERSION = YES;
				CLANG_WARN_NON_LITERAL_NULL_CONVERSION = YES;
				CLANG_WARN_OBJC_IMPLICIT_RETAIN_SELF = YES;
				CLANG_WARN_OBJC_LITERAL_CONVERSION = YES;
				CLANG_WARN_OBJC_ROOT_CLASS = YES_ERROR;
				CLANG_WARN_QUOTED_INCLUDE_IN_FRAMEWORK_HEADER = YES;
				CLANG_WARN_RANGE_LOOP_ANALYSIS = YES;
				CLANG_WARN_STRICT_PROTOTYPES = YES;
				CLANG_WARN_SUSPICIOUS_MOVE = YES;
				CLANG_WARN_UNGUARDED_AVAILABILITY = YES_AGGRESSIVE;
				CLANG_WARN_UNREACHABLE_CODE = YES;
				CLANG_WARN__DUPLICATE_METHOD_MATCH = YES;
				COPY_PHASE_STRIP = NO;
				DEBUG_INFORMATION_FORMAT = dwarf;
				ENABLE_STRICT_OBJC_MSGSEND = YES;
				ENABLE_TESTABILITY = YES;
				GCC_C_LANGUAGE_STANDARD = gnu11;
				GCC_DYNAMIC_NO_PIC = NO;
				GCC_NO_COMMON_BLOCKS = YES;
				GCC_OPTIMIZATION_LEVEL = 0;
				GCC_PREPROCESSOR_DEFINITIONS = (
					"DEBUG=1",
					"$(inherited)",
				);
				GCC_WARN_64_TO_32_BIT_CONVERSION = YES;
				GCC_WARN_ABOUT_RETURN_TYPE = YES_ERROR;
				GCC_WARN_UNDECLARED_SELECTOR = YES;
				GCC_WARN_UNINITIALIZED_AUTOS = YES_AGGRESSIVE;
				GCC_WARN_UNUSED_FUNCTION = YES;
				GCC_WARN_UNUSED_VARIABLE = YES;
				IPHONEOS_DEPLOYMENT_TARGET = 14.4;
				MTL_ENABLE_DEBUG_INFO = INCLUDE_SOURCE;
				MTL_FAST_MATH = YES;
				ONLY_ACTIVE_ARCH = YES;
				SDKROOT = iphoneos;
				SWIFT_ACTIVE_COMPILATION_CONDITIONS = DEBUG;
				SWIFT_OPTIMIZATION_LEVEL = "-Onone";
			};
			name = Debug;
		};
		6D423DCE2863316C0095216C /* Release */ = {
			isa = XCBuildConfiguration;
			buildSettings = {
				ALWAYS_SEARCH_USER_PATHS = NO;
				CLANG_ANALYZER_NONNULL = YES;
				CLANG_ANALYZER_NUMBER_OBJECT_CONVERSION = YES_AGGRESSIVE;
				CLANG_CXX_LANGUAGE_STANDARD = "gnu++14";
				CLANG_CXX_LIBRARY = "libc++";
				CLANG_ENABLE_MODULES = YES;
				CLANG_ENABLE_OBJC_ARC = YES;
				CLANG_ENABLE_OBJC_WEAK = YES;
				CLANG_WARN_BLOCK_CAPTURE_AUTORELEASING = YES;
				CLANG_WARN_BOOL_CONVERSION = YES;
				CLANG_WARN_COMMA = YES;
				CLANG_WARN_CONSTANT_CONVERSION = YES;
				CLANG_WARN_DEPRECATED_OBJC_IMPLEMENTATIONS = YES;
				CLANG_WARN_DIRECT_OBJC_ISA_USAGE = YES_ERROR;
				CLANG_WARN_DOCUMENTATION_COMMENTS = YES;
				CLANG_WARN_EMPTY_BODY = YES;
				CLANG_WARN_ENUM_CONVERSION = YES;
				CLANG_WARN_INFINITE_RECURSION = YES;
				CLANG_WARN_INT_CONVERSION = YES;
				CLANG_WARN_NON_LITERAL_NULL_CONVERSION = YES;
				CLANG_WARN_OBJC_IMPLICIT_RETAIN_SELF = YES;
				CLANG_WARN_OBJC_LITERAL_CONVERSION = YES;
				CLANG_WARN_OBJC_ROOT_CLASS = YES_ERROR;
				CLANG_WARN_QUOTED_INCLUDE_IN_FRAMEWORK_HEADER = YES;
				CLANG_WARN_RANGE_LOOP_ANALYSIS = YES;
				CLANG_WARN_STRICT_PROTOTYPES = YES;
				CLANG_WARN_SUSPICIOUS_MOVE = YES;
				CLANG_WARN_UNGUARDED_AVAILABILITY = YES_AGGRESSIVE;
				CLANG_WARN_UNREACHABLE_CODE = YES;
				CLANG_WARN__DUPLICATE_METHOD_MATCH = YES;
				COPY_PHASE_STRIP = NO;
				DEBUG_INFORMATION_FORMAT = "dwarf-with-dsym";
				ENABLE_NS_ASSERTIONS = NO;
				ENABLE_STRICT_OBJC_MSGSEND = YES;
				GCC_C_LANGUAGE_STANDARD = gnu11;
				GCC_NO_COMMON_BLOCKS = YES;
				GCC_WARN_64_TO_32_BIT_CONVERSION = YES;
				GCC_WARN_ABOUT_RETURN_TYPE = YES_ERROR;
				GCC_WARN_UNDECLARED_SELECTOR = YES;
				GCC_WARN_UNINITIALIZED_AUTOS = YES_AGGRESSIVE;
				GCC_WARN_UNUSED_FUNCTION = YES;
				GCC_WARN_UNUSED_VARIABLE = YES;
				IPHONEOS_DEPLOYMENT_TARGET = 14.4;
				MTL_ENABLE_DEBUG_INFO = NO;
				MTL_FAST_MATH = YES;
				SDKROOT = iphoneos;
				SWIFT_COMPILATION_MODE = wholemodule;
				SWIFT_OPTIMIZATION_LEVEL = "-O";
				VALIDATE_PRODUCT = YES;
			};
			name = Release;
		};
		6D423DD02863316C0095216C /* Debug */ = {
			isa = XCBuildConfiguration;
			buildSettings = {
				ASSETCATALOG_COMPILER_APPICON_NAME = AppIcon;
				ASSETCATALOG_COMPILER_GLOBAL_ACCENT_COLOR_NAME = AccentColor;
				CODE_SIGN_STYLE = Automatic;
				INFOPLIST_FILE = "Le Baluchon/Supporting Files/Info.plist";
				LD_RUNPATH_SEARCH_PATHS = (
					"$(inherited)",
					"@executable_path/Frameworks",
				);
				PRODUCT_BUNDLE_IDENTIFIER = "com.gironnetd.Le-Baluchon";
				PRODUCT_NAME = "$(TARGET_NAME)";
				SWIFT_VERSION = 5.0;
				TARGETED_DEVICE_FAMILY = "1,2";
			};
			name = Debug;
		};
		6D423DD12863316C0095216C /* Release */ = {
			isa = XCBuildConfiguration;
			buildSettings = {
				ASSETCATALOG_COMPILER_APPICON_NAME = AppIcon;
				ASSETCATALOG_COMPILER_GLOBAL_ACCENT_COLOR_NAME = AccentColor;
				CODE_SIGN_STYLE = Automatic;
				INFOPLIST_FILE = "Le Baluchon/Supporting Files/Info.plist";
				LD_RUNPATH_SEARCH_PATHS = (
					"$(inherited)",
					"@executable_path/Frameworks",
				);
				PRODUCT_BUNDLE_IDENTIFIER = "com.gironnetd.Le-Baluchon";
				PRODUCT_NAME = "$(TARGET_NAME)";
				SWIFT_VERSION = 5.0;
				TARGETED_DEVICE_FAMILY = "1,2";
			};
			name = Release;
		};
		6D423DD32863316C0095216C /* Debug */ = {
			isa = XCBuildConfiguration;
			buildSettings = {
				ALWAYS_EMBED_SWIFT_STANDARD_LIBRARIES = YES;
				BUNDLE_LOADER = "$(TEST_HOST)";
				CODE_SIGN_STYLE = Automatic;
				INFOPLIST_FILE = "Le BaluchonTests/Info.plist";
				IPHONEOS_DEPLOYMENT_TARGET = 14.4;
				LD_RUNPATH_SEARCH_PATHS = (
					"$(inherited)",
					"@executable_path/Frameworks",
					"@loader_path/Frameworks",
				);
				PRODUCT_BUNDLE_IDENTIFIER = "com.gironnetd.Le-BaluchonTests";
				PRODUCT_NAME = "$(TARGET_NAME)";
				SWIFT_VERSION = 5.0;
				TARGETED_DEVICE_FAMILY = "1,2";
				TEST_HOST = "$(BUILT_PRODUCTS_DIR)/Le Baluchon.app/Le Baluchon";
			};
			name = Debug;
		};
		6D423DD42863316C0095216C /* Release */ = {
			isa = XCBuildConfiguration;
			buildSettings = {
				ALWAYS_EMBED_SWIFT_STANDARD_LIBRARIES = YES;
				BUNDLE_LOADER = "$(TEST_HOST)";
				CODE_SIGN_STYLE = Automatic;
				INFOPLIST_FILE = "Le BaluchonTests/Info.plist";
				IPHONEOS_DEPLOYMENT_TARGET = 14.4;
				LD_RUNPATH_SEARCH_PATHS = (
					"$(inherited)",
					"@executable_path/Frameworks",
					"@loader_path/Frameworks",
				);
				PRODUCT_BUNDLE_IDENTIFIER = "com.gironnetd.Le-BaluchonTests";
				PRODUCT_NAME = "$(TARGET_NAME)";
				SWIFT_VERSION = 5.0;
				TARGETED_DEVICE_FAMILY = "1,2";
				TEST_HOST = "$(BUILT_PRODUCTS_DIR)/Le Baluchon.app/Le Baluchon";
			};
			name = Release;
		};
/* End XCBuildConfiguration section */

/* Begin XCConfigurationList section */
		6D423DA0286331600095216C /* Build configuration list for PBXProject "Le Baluchon" */ = {
			isa = XCConfigurationList;
			buildConfigurations = (
				6D423DCD2863316C0095216C /* Debug */,
				6D423DCE2863316C0095216C /* Release */,
			);
			defaultConfigurationIsVisible = 0;
			defaultConfigurationName = Release;
		};
		6D423DCF2863316C0095216C /* Build configuration list for PBXNativeTarget "Le Baluchon" */ = {
			isa = XCConfigurationList;
			buildConfigurations = (
				6D423DD02863316C0095216C /* Debug */,
				6D423DD12863316C0095216C /* Release */,
			);
			defaultConfigurationIsVisible = 0;
			defaultConfigurationName = Release;
		};
		6D423DD22863316C0095216C /* Build configuration list for PBXNativeTarget "Le BaluchonTests" */ = {
			isa = XCConfigurationList;
			buildConfigurations = (
				6D423DD32863316C0095216C /* Debug */,
				6D423DD42863316C0095216C /* Release */,
			);
			defaultConfigurationIsVisible = 0;
			defaultConfigurationName = Release;
		};
/* End XCConfigurationList section */
	};
	rootObject = 6D423D9D286331600095216C /* Project object */;
}
